
Microsoft Visual Studio Solution File, Format Version 12.00
# Visual Studio Version 17
VisualStudioVersion = 17.8.34330.188
MinimumVisualStudioVersion = 10.0.40219.1
Project("{FAE04EC0-301F-11D3-BF4B-00C04F79EFBC}") = "QRWASM", "QRWASM\QRWASM.csproj", "{C0F28836-FF2A-48ED-AA2E-3CA51BB220F2}"
EndProject
Global
	GlobalSection(SolutionConfigurationPlatforms) = preSolution
		Debug|Any CPU = Debug|Any CPU
		Release|Any CPU = Release|Any CPU
	EndGlobalSection
	GlobalSection(ProjectConfigurationPlatforms) = postSolution
		{C0F28836-FF2A-48ED-AA2E-3CA51BB220F2}.Debug|Any CPU.ActiveCfg = Debug|Any CPU
		{C0F28836-FF2A-48ED-AA2E-3CA51BB220F2}.Debug|Any CPU.Build.0 = Debug|Any CPU
		{C0F28836-FF2A-48ED-AA2E-3CA51BB220F2}.Release|Any CPU.ActiveCfg = Release|Any CPU
		{C0F28836-FF2A-48ED-AA2E-3CA51BB220F2}.Release|Any CPU.Build.0 = Release|Any CPU
	EndGlobalSection
	GlobalSection(SolutionProperties) = preSolution
		HideSolutionNode = FALSE
	EndGlobalSection
	GlobalSection(ExtensibilityGlobals) = postSolution
		SolutionGuid = {D9E87EE1-56DF-4BAE-8EFF-EB3BFA39D181}
	EndGlobalSection
EndGlobal
